
Microsoft Visual Studio Solution File, Format Version 12.00
# Visual Studio Version 17
VisualStudioVersion = 17.0.31903.59
MinimumVisualStudioVersion = 10.0.40219.1
Project("{FAE04EC0-301F-11D3-BF4B-00C04F79EFBC}") = "CalculadoraTestes", "CalculadoraTestes\CalculadoraTestes.csproj", "{C8876514-9821-4FA1-92DE-A5AF34407246}"
EndProject
Project("{FAE04EC0-301F-11D3-BF4B-00C04F79EFBC}") = "Calculadora", "Calculadora\Calculadora.csproj", "{B5BF0341-714C-4F81-BDC3-00E6F9914D14}"
EndProject
Global
	GlobalSection(SolutionConfigurationPlatforms) = preSolution
		Debug|Any CPU = Debug|Any CPU
		Release|Any CPU = Release|Any CPU
	EndGlobalSection
	GlobalSection(SolutionProperties) = preSolution
		HideSolutionNode = FALSE
	EndGlobalSection
	GlobalSection(ProjectConfigurationPlatforms) = postSolution
		{C8876514-9821-4FA1-92DE-A5AF34407246}.Debug|Any CPU.ActiveCfg = Debug|Any CPU
		{C8876514-9821-4FA1-92DE-A5AF34407246}.Debug|Any CPU.Build.0 = Debug|Any CPU
		{C8876514-9821-4FA1-92DE-A5AF34407246}.Release|Any CPU.ActiveCfg = Release|Any CPU
		{C8876514-9821-4FA1-92DE-A5AF34407246}.Release|Any CPU.Build.0 = Release|Any CPU
		{B5BF0341-714C-4F81-BDC3-00E6F9914D14}.Debug|Any CPU.ActiveCfg = Debug|Any CPU
		{B5BF0341-714C-4F81-BDC3-00E6F9914D14}.Debug|Any CPU.Build.0 = Debug|Any CPU
		{B5BF0341-714C-4F81-BDC3-00E6F9914D14}.Release|Any CPU.ActiveCfg = Release|Any CPU
		{B5BF0341-714C-4F81-BDC3-00E6F9914D14}.Release|Any CPU.Build.0 = Release|Any CPU
	EndGlobalSection
EndGlobal
